
Microsoft Visual Studio Solution File, Format Version 12.00
# Visual Studio Version 17
VisualStudioVersion = 17.5.33627.172
MinimumVisualStudioVersion = 10.0.40219.1
Project("{FAE04EC0-301F-11D3-BF4B-00C04F79EFBC}") = "Ejercicio22.Consola", "Ejercicio22.Consola\Ejercicio22.Consola.csproj", "{390E4049-5164-4849-9F48-378851D65FD9}"
EndProject
Global
	GlobalSection(SolutionConfigurationPlatforms) = preSolution
		Debug|Any CPU = Debug|Any CPU
		Release|Any CPU = Release|Any CPU
	EndGlobalSection
	GlobalSection(ProjectConfigurationPlatforms) = postSolution
		{390E4049-5164-4849-9F48-378851D65FD9}.Debug|Any CPU.ActiveCfg = Debug|Any CPU
		{390E4049-5164-4849-9F48-378851D65FD9}.Debug|Any CPU.Build.0 = Debug|Any CPU
		{390E4049-5164-4849-9F48-378851D65FD9}.Release|Any CPU.ActiveCfg = Release|Any CPU
		{390E4049-5164-4849-9F48-378851D65FD9}.Release|Any CPU.Build.0 = Release|Any CPU
	EndGlobalSection
	GlobalSection(SolutionProperties) = preSolution
		HideSolutionNode = FALSE
	EndGlobalSection
	GlobalSection(ExtensibilityGlobals) = postSolution
		SolutionGuid = {0B73CA64-6B78-4BB1-AE9C-B3B3032AB6A3}
	EndGlobalSection
EndGlobal
